// !$*UTF8*$!
{
	archiveVersion = 1;
	classes = {
	};
	objectVersion = 46;
	objects = {

/* Begin PBXBuildFile section */
		060EE1B61BF4265A0021C907 /* Student+CoreDataProperties.m in Sources */ = {isa = PBXBuildFile; fileRef = 060EE1A31BF4265A0021C907 /* Student+CoreDataProperties.m */; };
		060EE1B71BF4265A0021C907 /* Student.m in Sources */ = {isa = PBXBuildFile; fileRef = 060EE1A51BF4265A0021C907 /* Student.m */; };
		060EE1B81BF4265A0021C907 /* Behaviour+CoreDataProperties.m in Sources */ = {isa = PBXBuildFile; fileRef = 060EE1A71BF4265A0021C907 /* Behaviour+CoreDataProperties.m */; };
		060EE1B91BF4265A0021C907 /* Behaviour.m in Sources */ = {isa = PBXBuildFile; fileRef = 060EE1A91BF4265A0021C907 /* Behaviour.m */; };
		060EE1BA1BF4265A0021C907 /* Parent+CoreDataProperties.m in Sources */ = {isa = PBXBuildFile; fileRef = 060EE1AB1BF4265A0021C907 /* Parent+CoreDataProperties.m */; };
		060EE1BB1BF4265A0021C907 /* Parent.m in Sources */ = {isa = PBXBuildFile; fileRef = 060EE1AD1BF4265A0021C907 /* Parent.m */; };
		060EE1BC1BF4265A0021C907 /* Teacher+CoreDataProperties.m in Sources */ = {isa = PBXBuildFile; fileRef = 060EE1AF1BF4265A0021C907 /* Teacher+CoreDataProperties.m */; };
		060EE1BD1BF4265A0021C907 /* Teacher.m in Sources */ = {isa = PBXBuildFile; fileRef = 060EE1B11BF4265A0021C907 /* Teacher.m */; };
		060EE1BE1BF4265A0021C907 /* SchoolClass+CoreDataProperties.m in Sources */ = {isa = PBXBuildFile; fileRef = 060EE1B31BF4265A0021C907 /* SchoolClass+CoreDataProperties.m */; };
		060EE1BF1BF4265A0021C907 /* SchoolClass.m in Sources */ = {isa = PBXBuildFile; fileRef = 060EE1B51BF4265A0021C907 /* SchoolClass.m */; };
		065DBCDA1BDE8DB100CCAF94 /* main.m in Sources */ = {isa = PBXBuildFile; fileRef = 065DBCD91BDE8DB100CCAF94 /* main.m */; };
		065DBCDD1BDE8DB100CCAF94 /* AppDelegate.m in Sources */ = {isa = PBXBuildFile; fileRef = 065DBCDC1BDE8DB100CCAF94 /* AppDelegate.m */; };
		065DBCE31BDE8DB100CCAF94 /* Main.storyboard in Resources */ = {isa = PBXBuildFile; fileRef = 065DBCE11BDE8DB100CCAF94 /* Main.storyboard */; };
		065DBCE61BDE8DB200CCAF94 /* ClassChatter_App.xcdatamodeld in Sources */ = {isa = PBXBuildFile; fileRef = 065DBCE41BDE8DB200CCAF94 /* ClassChatter_App.xcdatamodeld */; };
		065DBCE81BDE8DB200CCAF94 /* Assets.xcassets in Resources */ = {isa = PBXBuildFile; fileRef = 065DBCE71BDE8DB200CCAF94 /* Assets.xcassets */; };
		065DBCEB1BDE8DB200CCAF94 /* LaunchScreen.storyboard in Resources */ = {isa = PBXBuildFile; fileRef = 065DBCE91BDE8DB200CCAF94 /* LaunchScreen.storyboard */; };
		065DBCF61BDE8DB200CCAF94 /* ClassChatter_AppTests.m in Sources */ = {isa = PBXBuildFile; fileRef = 065DBCF51BDE8DB200CCAF94 /* ClassChatter_AppTests.m */; };
		065DBD011BDE8DB200CCAF94 /* ClassChatter_AppUITests.m in Sources */ = {isa = PBXBuildFile; fileRef = 065DBD001BDE8DB200CCAF94 /* ClassChatter_AppUITests.m */; };
		065DBD281BDE958000CCAF94 /* ClassRoomViewController.m in Sources */ = {isa = PBXBuildFile; fileRef = 065DBD271BDE958000CCAF94 /* ClassRoomViewController.m */; };
		065DBD2B1BDE95B600CCAF94 /* StudentDeskCell.m in Sources */ = {isa = PBXBuildFile; fileRef = 065DBD2A1BDE95B600CCAF94 /* StudentDeskCell.m */; };
		065DBD2E1BDE9BA800CCAF94 /* ClassInfoViewController.m in Sources */ = {isa = PBXBuildFile; fileRef = 065DBD2D1BDE9BA800CCAF94 /* ClassInfoViewController.m */; };
		065DBD311BDE9F4900CCAF94 /* ClassInfoCell.m in Sources */ = {isa = PBXBuildFile; fileRef = 065DBD301BDE9F4900CCAF94 /* ClassInfoCell.m */; };
		065DBD341BDEEF8700CCAF94 /* ModalViewController.m in Sources */ = {isa = PBXBuildFile; fileRef = 065DBD331BDEEF8700CCAF94 /* ModalViewController.m */; };
		06AB60D11BE3FB6100871639 /* CustomHistoryCell.xib in Resources */ = {isa = PBXBuildFile; fileRef = 06AB60D01BE3FB6100871639 /* CustomHistoryCell.xib */; };
		06C2191F1BDFF13E0006BA9E /* HistoryViewController.m in Sources */ = {isa = PBXBuildFile; fileRef = 06C2191E1BDFF13E0006BA9E /* HistoryViewController.m */; };
		06C219221BDFF1620006BA9E /* HistoryCell.m in Sources */ = {isa = PBXBuildFile; fileRef = 06C219211BDFF1620006BA9E /* HistoryCell.m */; };
		06C219251BE285E50006BA9E /* TemplateViewController.m in Sources */ = {isa = PBXBuildFile; fileRef = 06C219241BE285E50006BA9E /* TemplateViewController.m */; };
		06D99AA01BFBB96900434D49 /* ViewController.m in Sources */ = {isa = PBXBuildFile; fileRef = 06D99A9F1BFBB96900434D49 /* ViewController.m */; };
		06D99AA21BFBBA1300434D49 /* Onboarding.storyboard in Resources */ = {isa = PBXBuildFile; fileRef = 06D99AA11BFBBA1300434D49 /* Onboarding.storyboard */; };
		06FD812D1BF1313A00ABE34A /* DetailViewController.m in Sources */ = {isa = PBXBuildFile; fileRef = 06FD812C1BF1313A00ABE34A /* DetailViewController.m */; };
		06FD814E1BF2697B00ABE34A /* SettingsViewController.m in Sources */ = {isa = PBXBuildFile; fileRef = 06FD814D1BF2697B00ABE34A /* SettingsViewController.m */; };
/* End PBXBuildFile section */

/* Begin PBXContainerItemProxy section */
		065DBCF21BDE8DB200CCAF94 /* PBXContainerItemProxy */ = {
			isa = PBXContainerItemProxy;
			containerPortal = 065DBCCD1BDE8DB100CCAF94 /* Project object */;
			proxyType = 1;
			remoteGlobalIDString = 065DBCD41BDE8DB100CCAF94;
			remoteInfo = "ClassChatter App";
		};
		065DBCFD1BDE8DB200CCAF94 /* PBXContainerItemProxy */ = {
			isa = PBXContainerItemProxy;
			containerPortal = 065DBCCD1BDE8DB100CCAF94 /* Project object */;
			proxyType = 1;
			remoteGlobalIDString = 065DBCD41BDE8DB100CCAF94;
			remoteInfo = "ClassChatter App";
		};
/* End PBXContainerItemProxy section */

/* Begin PBXFileReference section */
		060EE1A21BF4265A0021C907 /* Student+CoreDataProperties.h */ = {isa = PBXFileReference; fileEncoding = 4; lastKnownFileType = sourcecode.c.h; path = "Student+CoreDataProperties.h"; sourceTree = "<group>"; };
		060EE1A31BF4265A0021C907 /* Student+CoreDataProperties.m */ = {isa = PBXFileReference; fileEncoding = 4; lastKnownFileType = sourcecode.c.objc; path = "Student+CoreDataProperties.m"; sourceTree = "<group>"; };
		060EE1A41BF4265A0021C907 /* Student.h */ = {isa = PBXFileReference; fileEncoding = 4; lastKnownFileType = sourcecode.c.h; path = Student.h; sourceTree = "<group>"; };
		060EE1A51BF4265A0021C907 /* Student.m */ = {isa = PBXFileReference; fileEncoding = 4; lastKnownFileType = sourcecode.c.objc; path = Student.m; sourceTree = "<group>"; };
		060EE1A61BF4265A0021C907 /* Behaviour+CoreDataProperties.h */ = {isa = PBXFileReference; fileEncoding = 4; lastKnownFileType = sourcecode.c.h; path = "Behaviour+CoreDataProperties.h"; sourceTree = "<group>"; };
		060EE1A71BF4265A0021C907 /* Behaviour+CoreDataProperties.m */ = {isa = PBXFileReference; fileEncoding = 4; lastKnownFileType = sourcecode.c.objc; path = "Behaviour+CoreDataProperties.m"; sourceTree = "<group>"; };
		060EE1A81BF4265A0021C907 /* Behaviour.h */ = {isa = PBXFileReference; fileEncoding = 4; lastKnownFileType = sourcecode.c.h; path = Behaviour.h; sourceTree = "<group>"; };
		060EE1A91BF4265A0021C907 /* Behaviour.m */ = {isa = PBXFileReference; fileEncoding = 4; lastKnownFileType = sourcecode.c.objc; path = Behaviour.m; sourceTree = "<group>"; };
		060EE1AA1BF4265A0021C907 /* Parent+CoreDataProperties.h */ = {isa = PBXFileReference; fileEncoding = 4; lastKnownFileType = sourcecode.c.h; path = "Parent+CoreDataProperties.h"; sourceTree = "<group>"; };
		060EE1AB1BF4265A0021C907 /* Parent+CoreDataProperties.m */ = {isa = PBXFileReference; fileEncoding = 4; lastKnownFileType = sourcecode.c.objc; path = "Parent+CoreDataProperties.m"; sourceTree = "<group>"; };
		060EE1AC1BF4265A0021C907 /* Parent.h */ = {isa = PBXFileReference; fileEncoding = 4; lastKnownFileType = sourcecode.c.h; path = Parent.h; sourceTree = "<group>"; };
		060EE1AD1BF4265A0021C907 /* Parent.m */ = {isa = PBXFileReference; fileEncoding = 4; lastKnownFileType = sourcecode.c.objc; path = Parent.m; sourceTree = "<group>"; };
		060EE1AE1BF4265A0021C907 /* Teacher+CoreDataProperties.h */ = {isa = PBXFileReference; fileEncoding = 4; lastKnownFileType = sourcecode.c.h; path = "Teacher+CoreDataProperties.h"; sourceTree = "<group>"; };
		060EE1AF1BF4265A0021C907 /* Teacher+CoreDataProperties.m */ = {isa = PBXFileReference; fileEncoding = 4; lastKnownFileType = sourcecode.c.objc; path = "Teacher+CoreDataProperties.m"; sourceTree = "<group>"; };
		060EE1B01BF4265A0021C907 /* Teacher.h */ = {isa = PBXFileReference; fileEncoding = 4; lastKnownFileType = sourcecode.c.h; path = Teacher.h; sourceTree = "<group>"; };
		060EE1B11BF4265A0021C907 /* Teacher.m */ = {isa = PBXFileReference; fileEncoding = 4; lastKnownFileType = sourcecode.c.objc; path = Teacher.m; sourceTree = "<group>"; };
		060EE1B21BF4265A0021C907 /* SchoolClass+CoreDataProperties.h */ = {isa = PBXFileReference; fileEncoding = 4; lastKnownFileType = sourcecode.c.h; path = "SchoolClass+CoreDataProperties.h"; sourceTree = "<group>"; };
		060EE1B31BF4265A0021C907 /* SchoolClass+CoreDataProperties.m */ = {isa = PBXFileReference; fileEncoding = 4; lastKnownFileType = sourcecode.c.objc; path = "SchoolClass+CoreDataProperties.m"; sourceTree = "<group>"; };
		060EE1B41BF4265A0021C907 /* SchoolClass.h */ = {isa = PBXFileReference; fileEncoding = 4; lastKnownFileType = sourcecode.c.h; path = SchoolClass.h; sourceTree = "<group>"; };
		060EE1B51BF4265A0021C907 /* SchoolClass.m */ = {isa = PBXFileReference; fileEncoding = 4; lastKnownFileType = sourcecode.c.objc; path = SchoolClass.m; sourceTree = "<group>"; };
		065DBCD51BDE8DB100CCAF94 /* ClassChatter App.app */ = {isa = PBXFileReference; explicitFileType = wrapper.application; includeInIndex = 0; path = "ClassChatter App.app"; sourceTree = BUILT_PRODUCTS_DIR; };
		065DBCD91BDE8DB100CCAF94 /* main.m */ = {isa = PBXFileReference; lastKnownFileType = sourcecode.c.objc; path = main.m; sourceTree = "<group>"; };
		065DBCDB1BDE8DB100CCAF94 /* AppDelegate.h */ = {isa = PBXFileReference; lastKnownFileType = sourcecode.c.h; path = AppDelegate.h; sourceTree = "<group>"; };
		065DBCDC1BDE8DB100CCAF94 /* AppDelegate.m */ = {isa = PBXFileReference; lastKnownFileType = sourcecode.c.objc; path = AppDelegate.m; sourceTree = "<group>"; };
		065DBCE21BDE8DB100CCAF94 /* Base */ = {isa = PBXFileReference; lastKnownFileType = file.storyboard; name = Base; path = Base.lproj/Main.storyboard; sourceTree = "<group>"; };
		065DBCE51BDE8DB200CCAF94 /* ClassChatter_App.xcdatamodel */ = {isa = PBXFileReference; lastKnownFileType = wrapper.xcdatamodel; path = ClassChatter_App.xcdatamodel; sourceTree = "<group>"; };
		065DBCE71BDE8DB200CCAF94 /* Assets.xcassets */ = {isa = PBXFileReference; lastKnownFileType = folder.assetcatalog; path = Assets.xcassets; sourceTree = "<group>"; };
		065DBCEA1BDE8DB200CCAF94 /* Base */ = {isa = PBXFileReference; lastKnownFileType = file.storyboard; name = Base; path = Base.lproj/LaunchScreen.storyboard; sourceTree = "<group>"; };
		065DBCEC1BDE8DB200CCAF94 /* Info.plist */ = {isa = PBXFileReference; lastKnownFileType = text.plist.xml; path = Info.plist; sourceTree = "<group>"; };
		065DBCF11BDE8DB200CCAF94 /* ClassChatter AppTests.xctest */ = {isa = PBXFileReference; explicitFileType = wrapper.cfbundle; includeInIndex = 0; path = "ClassChatter AppTests.xctest"; sourceTree = BUILT_PRODUCTS_DIR; };
		065DBCF51BDE8DB200CCAF94 /* ClassChatter_AppTests.m */ = {isa = PBXFileReference; lastKnownFileType = sourcecode.c.objc; path = ClassChatter_AppTests.m; sourceTree = "<group>"; };
		065DBCF71BDE8DB200CCAF94 /* Info.plist */ = {isa = PBXFileReference; lastKnownFileType = text.plist.xml; path = Info.plist; sourceTree = "<group>"; };
		065DBCFC1BDE8DB200CCAF94 /* ClassChatter AppUITests.xctest */ = {isa = PBXFileReference; explicitFileType = wrapper.cfbundle; includeInIndex = 0; path = "ClassChatter AppUITests.xctest"; sourceTree = BUILT_PRODUCTS_DIR; };
		065DBD001BDE8DB200CCAF94 /* ClassChatter_AppUITests.m */ = {isa = PBXFileReference; lastKnownFileType = sourcecode.c.objc; path = ClassChatter_AppUITests.m; sourceTree = "<group>"; };
		065DBD021BDE8DB200CCAF94 /* Info.plist */ = {isa = PBXFileReference; lastKnownFileType = text.plist.xml; path = Info.plist; sourceTree = "<group>"; };
		065DBD261BDE958000CCAF94 /* ClassRoomViewController.h */ = {isa = PBXFileReference; fileEncoding = 4; lastKnownFileType = sourcecode.c.h; path = ClassRoomViewController.h; sourceTree = "<group>"; };
		065DBD271BDE958000CCAF94 /* ClassRoomViewController.m */ = {isa = PBXFileReference; fileEncoding = 4; lastKnownFileType = sourcecode.c.objc; path = ClassRoomViewController.m; sourceTree = "<group>"; };
		065DBD291BDE95B600CCAF94 /* StudentDeskCell.h */ = {isa = PBXFileReference; fileEncoding = 4; lastKnownFileType = sourcecode.c.h; path = StudentDeskCell.h; sourceTree = "<group>"; };
		065DBD2A1BDE95B600CCAF94 /* StudentDeskCell.m */ = {isa = PBXFileReference; fileEncoding = 4; lastKnownFileType = sourcecode.c.objc; path = StudentDeskCell.m; sourceTree = "<group>"; };
		065DBD2C1BDE9BA800CCAF94 /* ClassInfoViewController.h */ = {isa = PBXFileReference; fileEncoding = 4; lastKnownFileType = sourcecode.c.h; path = ClassInfoViewController.h; sourceTree = "<group>"; };
		065DBD2D1BDE9BA800CCAF94 /* ClassInfoViewController.m */ = {isa = PBXFileReference; fileEncoding = 4; lastKnownFileType = sourcecode.c.objc; path = ClassInfoViewController.m; sourceTree = "<group>"; };
		065DBD2F1BDE9F4900CCAF94 /* ClassInfoCell.h */ = {isa = PBXFileReference; fileEncoding = 4; lastKnownFileType = sourcecode.c.h; path = ClassInfoCell.h; sourceTree = "<group>"; };
		065DBD301BDE9F4900CCAF94 /* ClassInfoCell.m */ = {isa = PBXFileReference; fileEncoding = 4; lastKnownFileType = sourcecode.c.objc; path = ClassInfoCell.m; sourceTree = "<group>"; };
		065DBD321BDEEF8700CCAF94 /* ModalViewController.h */ = {isa = PBXFileReference; fileEncoding = 4; lastKnownFileType = sourcecode.c.h; path = ModalViewController.h; sourceTree = "<group>"; };
		065DBD331BDEEF8700CCAF94 /* ModalViewController.m */ = {isa = PBXFileReference; fileEncoding = 4; lastKnownFileType = sourcecode.c.objc; path = ModalViewController.m; sourceTree = "<group>"; };
		06AB60D01BE3FB6100871639 /* CustomHistoryCell.xib */ = {isa = PBXFileReference; fileEncoding = 4; lastKnownFileType = file.xib; path = CustomHistoryCell.xib; sourceTree = "<group>"; };
		06C2191D1BDFF13E0006BA9E /* HistoryViewController.h */ = {isa = PBXFileReference; fileEncoding = 4; lastKnownFileType = sourcecode.c.h; path = HistoryViewController.h; sourceTree = "<group>"; };
		06C2191E1BDFF13E0006BA9E /* HistoryViewController.m */ = {isa = PBXFileReference; fileEncoding = 4; lastKnownFileType = sourcecode.c.objc; path = HistoryViewController.m; sourceTree = "<group>"; };
		06C219201BDFF1620006BA9E /* HistoryCell.h */ = {isa = PBXFileReference; fileEncoding = 4; lastKnownFileType = sourcecode.c.h; path = HistoryCell.h; sourceTree = "<group>"; };
		06C219211BDFF1620006BA9E /* HistoryCell.m */ = {isa = PBXFileReference; fileEncoding = 4; lastKnownFileType = sourcecode.c.objc; path = HistoryCell.m; sourceTree = "<group>"; };
		06C219231BE285E50006BA9E /* TemplateViewController.h */ = {isa = PBXFileReference; fileEncoding = 4; lastKnownFileType = sourcecode.c.h; path = TemplateViewController.h; sourceTree = "<group>"; };
		06C219241BE285E50006BA9E /* TemplateViewController.m */ = {isa = PBXFileReference; fileEncoding = 4; lastKnownFileType = sourcecode.c.objc; path = TemplateViewController.m; sourceTree = "<group>"; };
		06D99A9E1BFBB96900434D49 /* ViewController.h */ = {isa = PBXFileReference; fileEncoding = 4; lastKnownFileType = sourcecode.c.h; path = ViewController.h; sourceTree = "<group>"; };
		06D99A9F1BFBB96900434D49 /* ViewController.m */ = {isa = PBXFileReference; fileEncoding = 4; lastKnownFileType = sourcecode.c.objc; path = ViewController.m; sourceTree = "<group>"; };
		06D99AA11BFBBA1300434D49 /* Onboarding.storyboard */ = {isa = PBXFileReference; fileEncoding = 4; lastKnownFileType = file.storyboard; path = Onboarding.storyboard; sourceTree = "<group>"; };
		06FD812B1BF1313A00ABE34A /* DetailViewController.h */ = {isa = PBXFileReference; fileEncoding = 4; lastKnownFileType = sourcecode.c.h; path = DetailViewController.h; sourceTree = "<group>"; };
		06FD812C1BF1313A00ABE34A /* DetailViewController.m */ = {isa = PBXFileReference; fileEncoding = 4; lastKnownFileType = sourcecode.c.objc; path = DetailViewController.m; sourceTree = "<group>"; };
		06FD814C1BF2697B00ABE34A /* SettingsViewController.h */ = {isa = PBXFileReference; fileEncoding = 4; lastKnownFileType = sourcecode.c.h; path = SettingsViewController.h; sourceTree = "<group>"; };
		06FD814D1BF2697B00ABE34A /* SettingsViewController.m */ = {isa = PBXFileReference; fileEncoding = 4; lastKnownFileType = sourcecode.c.objc; path = SettingsViewController.m; sourceTree = "<group>"; };
/* End PBXFileReference section */

/* Begin PBXFrameworksBuildPhase section */
		065DBCD21BDE8DB100CCAF94 /* Frameworks */ = {
			isa = PBXFrameworksBuildPhase;
			buildActionMask = 2147483647;
			files = (
			);
			runOnlyForDeploymentPostprocessing = 0;
		};
		065DBCEE1BDE8DB200CCAF94 /* Frameworks */ = {
			isa = PBXFrameworksBuildPhase;
			buildActionMask = 2147483647;
			files = (
			);
			runOnlyForDeploymentPostprocessing = 0;
		};
		065DBCF91BDE8DB200CCAF94 /* Frameworks */ = {
			isa = PBXFrameworksBuildPhase;
			buildActionMask = 2147483647;
			files = (
			);
			runOnlyForDeploymentPostprocessing = 0;
		};
/* End PBXFrameworksBuildPhase section */

/* Begin PBXGroup section */
		065DBCCC1BDE8DB100CCAF94 = {
			isa = PBXGroup;
			children = (
				06AB60D01BE3FB6100871639 /* CustomHistoryCell.xib */,
				065DBCD71BDE8DB100CCAF94 /* ClassChatter App */,
				065DBCF41BDE8DB200CCAF94 /* ClassChatter AppTests */,
				065DBCFF1BDE8DB200CCAF94 /* ClassChatter AppUITests */,
				065DBCD61BDE8DB100CCAF94 /* Products */,
			);
			sourceTree = "<group>";
		};
		065DBCD61BDE8DB100CCAF94 /* Products */ = {
			isa = PBXGroup;
			children = (
				065DBCD51BDE8DB100CCAF94 /* ClassChatter App.app */,
				065DBCF11BDE8DB200CCAF94 /* ClassChatter AppTests.xctest */,
				065DBCFC1BDE8DB200CCAF94 /* ClassChatter AppUITests.xctest */,
			);
			name = Products;
			sourceTree = "<group>";
		};
		065DBCD71BDE8DB100CCAF94 /* ClassChatter App */ = {
			isa = PBXGroup;
			children = (
				065DBD351BDEFD7600CCAF94 /* Entities */,
				065DBCDB1BDE8DB100CCAF94 /* AppDelegate.h */,
				065DBCDC1BDE8DB100CCAF94 /* AppDelegate.m */,
				065DBCE11BDE8DB100CCAF94 /* Main.storyboard */,
				06D99AA11BFBBA1300434D49 /* Onboarding.storyboard */,
				06FD814C1BF2697B00ABE34A /* SettingsViewController.h */,
				06FD814D1BF2697B00ABE34A /* SettingsViewController.m */,
				06FD812B1BF1313A00ABE34A /* DetailViewController.h */,
				06FD812C1BF1313A00ABE34A /* DetailViewController.m */,
				06C219231BE285E50006BA9E /* TemplateViewController.h */,
				06C219241BE285E50006BA9E /* TemplateViewController.m */,
				06C2191D1BDFF13E0006BA9E /* HistoryViewController.h */,
				06C2191E1BDFF13E0006BA9E /* HistoryViewController.m */,
				06C219201BDFF1620006BA9E /* HistoryCell.h */,
				06C219211BDFF1620006BA9E /* HistoryCell.m */,
				065DBD291BDE95B600CCAF94 /* StudentDeskCell.h */,
				065DBD2A1BDE95B600CCAF94 /* StudentDeskCell.m */,
				065DBD261BDE958000CCAF94 /* ClassRoomViewController.h */,
				065DBD271BDE958000CCAF94 /* ClassRoomViewController.m */,
				065DBD2F1BDE9F4900CCAF94 /* ClassInfoCell.h */,
				065DBD301BDE9F4900CCAF94 /* ClassInfoCell.m */,
				065DBD2C1BDE9BA800CCAF94 /* ClassInfoViewController.h */,
				065DBD2D1BDE9BA800CCAF94 /* ClassInfoViewController.m */,
				06D99A9E1BFBB96900434D49 /* ViewController.h */,
				06D99A9F1BFBB96900434D49 /* ViewController.m */,
				065DBD321BDEEF8700CCAF94 /* ModalViewController.h */,
				065DBD331BDEEF8700CCAF94 /* ModalViewController.m */,
				065DBCE71BDE8DB200CCAF94 /* Assets.xcassets */,
				065DBCE91BDE8DB200CCAF94 /* LaunchScreen.storyboard */,
				065DBCEC1BDE8DB200CCAF94 /* Info.plist */,
				065DBCE41BDE8DB200CCAF94 /* ClassChatter_App.xcdatamodeld */,
				065DBCD81BDE8DB100CCAF94 /* Supporting Files */,
			);
			path = "ClassChatter App";
			sourceTree = "<group>";
		};
		065DBCD81BDE8DB100CCAF94 /* Supporting Files */ = {
			isa = PBXGroup;
			children = (
				065DBCD91BDE8DB100CCAF94 /* main.m */,
			);
			name = "Supporting Files";
			sourceTree = "<group>";
		};
		065DBCF41BDE8DB200CCAF94 /* ClassChatter AppTests */ = {
			isa = PBXGroup;
			children = (
				065DBCF51BDE8DB200CCAF94 /* ClassChatter_AppTests.m */,
				065DBCF71BDE8DB200CCAF94 /* Info.plist */,
			);
			path = "ClassChatter AppTests";
			sourceTree = "<group>";
		};
		065DBCFF1BDE8DB200CCAF94 /* ClassChatter AppUITests */ = {
			isa = PBXGroup;
			children = (
				065DBD001BDE8DB200CCAF94 /* ClassChatter_AppUITests.m */,
				065DBD021BDE8DB200CCAF94 /* Info.plist */,
			);
			path = "ClassChatter AppUITests";
			sourceTree = "<group>";
		};
		065DBD351BDEFD7600CCAF94 /* Entities */ = {
			isa = PBXGroup;
			children = (
				060EE1A21BF4265A0021C907 /* Student+CoreDataProperties.h */,
				060EE1A31BF4265A0021C907 /* Student+CoreDataProperties.m */,
				060EE1A41BF4265A0021C907 /* Student.h */,
				060EE1A51BF4265A0021C907 /* Student.m */,
				060EE1A61BF4265A0021C907 /* Behaviour+CoreDataProperties.h */,
				060EE1A71BF4265A0021C907 /* Behaviour+CoreDataProperties.m */,
				060EE1A81BF4265A0021C907 /* Behaviour.h */,
				060EE1A91BF4265A0021C907 /* Behaviour.m */,
				060EE1AA1BF4265A0021C907 /* Parent+CoreDataProperties.h */,
				060EE1AB1BF4265A0021C907 /* Parent+CoreDataProperties.m */,
				060EE1AC1BF4265A0021C907 /* Parent.h */,
				060EE1AD1BF4265A0021C907 /* Parent.m */,
				060EE1AE1BF4265A0021C907 /* Teacher+CoreDataProperties.h */,
				060EE1AF1BF4265A0021C907 /* Teacher+CoreDataProperties.m */,
				060EE1B01BF4265A0021C907 /* Teacher.h */,
				060EE1B11BF4265A0021C907 /* Teacher.m */,
				060EE1B21BF4265A0021C907 /* SchoolClass+CoreDataProperties.h */,
				060EE1B31BF4265A0021C907 /* SchoolClass+CoreDataProperties.m */,
				060EE1B41BF4265A0021C907 /* SchoolClass.h */,
				060EE1B51BF4265A0021C907 /* SchoolClass.m */,
			);
			name = Entities;
			sourceTree = "<group>";
		};
/* End PBXGroup section */

/* Begin PBXNativeTarget section */
		065DBCD41BDE8DB100CCAF94 /* ClassChatter App */ = {
			isa = PBXNativeTarget;
			buildConfigurationList = 065DBD051BDE8DB200CCAF94 /* Build configuration list for PBXNativeTarget "ClassChatter App" */;
			buildPhases = (
				065DBCD11BDE8DB100CCAF94 /* Sources */,
				065DBCD21BDE8DB100CCAF94 /* Frameworks */,
				065DBCD31BDE8DB100CCAF94 /* Resources */,
			);
			buildRules = (
			);
			dependencies = (
			);
			name = "ClassChatter App";
			productName = "ClassChatter App";
			productReference = 065DBCD51BDE8DB100CCAF94 /* ClassChatter App.app */;
			productType = "com.apple.product-type.application";
		};
		065DBCF01BDE8DB200CCAF94 /* ClassChatter AppTests */ = {
			isa = PBXNativeTarget;
			buildConfigurationList = 065DBD081BDE8DB200CCAF94 /* Build configuration list for PBXNativeTarget "ClassChatter AppTests" */;
			buildPhases = (
				065DBCED1BDE8DB200CCAF94 /* Sources */,
				065DBCEE1BDE8DB200CCAF94 /* Frameworks */,
				065DBCEF1BDE8DB200CCAF94 /* Resources */,
			);
			buildRules = (
			);
			dependencies = (
				065DBCF31BDE8DB200CCAF94 /* PBXTargetDependency */,
			);
			name = "ClassChatter AppTests";
			productName = "ClassChatter AppTests";
			productReference = 065DBCF11BDE8DB200CCAF94 /* ClassChatter AppTests.xctest */;
			productType = "com.apple.product-type.bundle.unit-test";
		};
		065DBCFB1BDE8DB200CCAF94 /* ClassChatter AppUITests */ = {
			isa = PBXNativeTarget;
			buildConfigurationList = 065DBD0B1BDE8DB200CCAF94 /* Build configuration list for PBXNativeTarget "ClassChatter AppUITests" */;
			buildPhases = (
				065DBCF81BDE8DB200CCAF94 /* Sources */,
				065DBCF91BDE8DB200CCAF94 /* Frameworks */,
				065DBCFA1BDE8DB200CCAF94 /* Resources */,
			);
			buildRules = (
			);
			dependencies = (
				065DBCFE1BDE8DB200CCAF94 /* PBXTargetDependency */,
			);
			name = "ClassChatter AppUITests";
			productName = "ClassChatter AppUITests";
			productReference = 065DBCFC1BDE8DB200CCAF94 /* ClassChatter AppUITests.xctest */;
			productType = "com.apple.product-type.bundle.ui-testing";
		};
/* End PBXNativeTarget section */

/* Begin PBXProject section */
		065DBCCD1BDE8DB100CCAF94 /* Project object */ = {
			isa = PBXProject;
			attributes = {
				LastUpgradeCheck = 0700;
				ORGANIZATIONNAME = "Adam Goldberg";
				TargetAttributes = {
					065DBCD41BDE8DB100CCAF94 = {
						CreatedOnToolsVersion = 7.0.1;
						DevelopmentTeam = 89CH3Q23SD;
					};
					065DBCF01BDE8DB200CCAF94 = {
						CreatedOnToolsVersion = 7.0.1;
						TestTargetID = 065DBCD41BDE8DB100CCAF94;
					};
					065DBCFB1BDE8DB200CCAF94 = {
						CreatedOnToolsVersion = 7.0.1;
						TestTargetID = 065DBCD41BDE8DB100CCAF94;
					};
				};
			};
			buildConfigurationList = 065DBCD01BDE8DB100CCAF94 /* Build configuration list for PBXProject "ClassChatter App" */;
			compatibilityVersion = "Xcode 3.2";
			developmentRegion = English;
			hasScannedForEncodings = 0;
			knownRegions = (
				en,
				Base,
			);
			mainGroup = 065DBCCC1BDE8DB100CCAF94;
			productRefGroup = 065DBCD61BDE8DB100CCAF94 /* Products */;
			projectDirPath = "";
			projectRoot = "";
			targets = (
				065DBCD41BDE8DB100CCAF94 /* ClassChatter App */,
				065DBCF01BDE8DB200CCAF94 /* ClassChatter AppTests */,
				065DBCFB1BDE8DB200CCAF94 /* ClassChatter AppUITests */,
			);
		};
/* End PBXProject section */

/* Begin PBXResourcesBuildPhase section */
		065DBCD31BDE8DB100CCAF94 /* Resources */ = {
			isa = PBXResourcesBuildPhase;
			buildActionMask = 2147483647;
			files = (
				065DBCEB1BDE8DB200CCAF94 /* LaunchScreen.storyboard in Resources */,
				06D99AA21BFBBA1300434D49 /* Onboarding.storyboard in Resources */,
				06AB60D11BE3FB6100871639 /* CustomHistoryCell.xib in Resources */,
				065DBCE81BDE8DB200CCAF94 /* Assets.xcassets in Resources */,
				065DBCE31BDE8DB100CCAF94 /* Main.storyboard in Resources */,
			);
			runOnlyForDeploymentPostprocessing = 0;
		};
		065DBCEF1BDE8DB200CCAF94 /* Resources */ = {
			isa = PBXResourcesBuildPhase;
			buildActionMask = 2147483647;
			files = (
			);
			runOnlyForDeploymentPostprocessing = 0;
		};
		065DBCFA1BDE8DB200CCAF94 /* Resources */ = {
			isa = PBXResourcesBuildPhase;
			buildActionMask = 2147483647;
			files = (
			);
			runOnlyForDeploymentPostprocessing = 0;
		};
/* End PBXResourcesBuildPhase section */

/* Begin PBXSourcesBuildPhase section */
		065DBCD11BDE8DB100CCAF94 /* Sources */ = {
			isa = PBXSourcesBuildPhase;
			buildActionMask = 2147483647;
			files = (
				06C219221BDFF1620006BA9E /* HistoryCell.m in Sources */,
				065DBD2B1BDE95B600CCAF94 /* StudentDeskCell.m in Sources */,
				060EE1B71BF4265A0021C907 /* Student.m in Sources */,
				060EE1B91BF4265A0021C907 /* Behaviour.m in Sources */,
				065DBCDD1BDE8DB100CCAF94 /* AppDelegate.m in Sources */,
				065DBD281BDE958000CCAF94 /* ClassRoomViewController.m in Sources */,
				060EE1BE1BF4265A0021C907 /* SchoolClass+CoreDataProperties.m in Sources */,
				065DBD2E1BDE9BA800CCAF94 /* ClassInfoViewController.m in Sources */,
				060EE1B61BF4265A0021C907 /* Student+CoreDataProperties.m in Sources */,
				06FD812D1BF1313A00ABE34A /* DetailViewController.m in Sources */,
				060EE1BA1BF4265A0021C907 /* Parent+CoreDataProperties.m in Sources */,
				06FD814E1BF2697B00ABE34A /* SettingsViewController.m in Sources */,
				060EE1BB1BF4265A0021C907 /* Parent.m in Sources */,
				060EE1B81BF4265A0021C907 /* Behaviour+CoreDataProperties.m in Sources */,
				065DBCE61BDE8DB200CCAF94 /* ClassChatter_App.xcdatamodeld in Sources */,
				060EE1BC1BF4265A0021C907 /* Teacher+CoreDataProperties.m in Sources */,
				060EE1BD1BF4265A0021C907 /* Teacher.m in Sources */,
				065DBD311BDE9F4900CCAF94 /* ClassInfoCell.m in Sources */,
				06D99AA01BFBB96900434D49 /* ViewController.m in Sources */,
				065DBD341BDEEF8700CCAF94 /* ModalViewController.m in Sources */,
				065DBCDA1BDE8DB100CCAF94 /* main.m in Sources */,
				06C2191F1BDFF13E0006BA9E /* HistoryViewController.m in Sources */,
				06C219251BE285E50006BA9E /* TemplateViewController.m in Sources */,
				060EE1BF1BF4265A0021C907 /* SchoolClass.m in Sources */,
			);
			runOnlyForDeploymentPostprocessing = 0;
		};
		065DBCED1BDE8DB200CCAF94 /* Sources */ = {
			isa = PBXSourcesBuildPhase;
			buildActionMask = 2147483647;
			files = (
				065DBCF61BDE8DB200CCAF94 /* ClassChatter_AppTests.m in Sources */,
			);
			runOnlyForDeploymentPostprocessing = 0;
		};
		065DBCF81BDE8DB200CCAF94 /* Sources */ = {
			isa = PBXSourcesBuildPhase;
			buildActionMask = 2147483647;
			files = (
				065DBD011BDE8DB200CCAF94 /* ClassChatter_AppUITests.m in Sources */,
			);
			runOnlyForDeploymentPostprocessing = 0;
		};
/* End PBXSourcesBuildPhase section */

/* Begin PBXTargetDependency section */
		065DBCF31BDE8DB200CCAF94 /* PBXTargetDependency */ = {
			isa = PBXTargetDependency;
			target = 065DBCD41BDE8DB100CCAF94 /* ClassChatter App */;
			targetProxy = 065DBCF21BDE8DB200CCAF94 /* PBXContainerItemProxy */;
		};
		065DBCFE1BDE8DB200CCAF94 /* PBXTargetDependency */ = {
			isa = PBXTargetDependency;
			target = 065DBCD41BDE8DB100CCAF94 /* ClassChatter App */;
			targetProxy = 065DBCFD1BDE8DB200CCAF94 /* PBXContainerItemProxy */;
		};
/* End PBXTargetDependency section */

/* Begin PBXVariantGroup section */
		065DBCE11BDE8DB100CCAF94 /* Main.storyboard */ = {
			isa = PBXVariantGroup;
			children = (
				065DBCE21BDE8DB100CCAF94 /* Base */,
			);
			name = Main.storyboard;
			sourceTree = "<group>";
		};
		065DBCE91BDE8DB200CCAF94 /* LaunchScreen.storyboard */ = {
			isa = PBXVariantGroup;
			children = (
				065DBCEA1BDE8DB200CCAF94 /* Base */,
			);
			name = LaunchScreen.storyboard;
			sourceTree = "<group>";
		};
/* End PBXVariantGroup section */

/* Begin XCBuildConfiguration section */
		065DBD031BDE8DB200CCAF94 /* Debug */ = {
			isa = XCBuildConfiguration;
			buildSettings = {
				ALWAYS_SEARCH_USER_PATHS = NO;
				CLANG_CXX_LANGUAGE_STANDARD = "gnu++0x";
				CLANG_CXX_LIBRARY = "libc++";
				CLANG_ENABLE_MODULES = YES;
				CLANG_ENABLE_OBJC_ARC = YES;
				CLANG_WARN_BOOL_CONVERSION = YES;
				CLANG_WARN_CONSTANT_CONVERSION = YES;
				CLANG_WARN_DIRECT_OBJC_ISA_USAGE = YES_ERROR;
				CLANG_WARN_EMPTY_BODY = YES;
				CLANG_WARN_ENUM_CONVERSION = YES;
				CLANG_WARN_INT_CONVERSION = YES;
				CLANG_WARN_OBJC_ROOT_CLASS = YES_ERROR;
				CLANG_WARN_UNREACHABLE_CODE = YES;
				CLANG_WARN__DUPLICATE_METHOD_MATCH = YES;
				"CODE_SIGN_IDENTITY[sdk=iphoneos*]" = "iPhone Developer";
				COPY_PHASE_STRIP = NO;
				DEBUG_INFORMATION_FORMAT = dwarf;
				ENABLE_STRICT_OBJC_MSGSEND = YES;
				ENABLE_TESTABILITY = YES;
				GCC_C_LANGUAGE_STANDARD = gnu99;
				GCC_DYNAMIC_NO_PIC = NO;
				GCC_NO_COMMON_BLOCKS = YES;
				GCC_OPTIMIZATION_LEVEL = 0;
				GCC_PREPROCESSOR_DEFINITIONS = (
					"DEBUG=1",
					"$(inherited)",
				);
				GCC_WARN_64_TO_32_BIT_CONVERSION = YES;
				GCC_WARN_ABOUT_RETURN_TYPE = YES_ERROR;
				GCC_WARN_UNDECLARED_SELECTOR = YES;
				GCC_WARN_UNINITIALIZED_AUTOS = YES_AGGRESSIVE;
				GCC_WARN_UNUSED_FUNCTION = YES;
				GCC_WARN_UNUSED_VARIABLE = YES;
				IPHONEOS_DEPLOYMENT_TARGET = 9.0;
				MTL_ENABLE_DEBUG_INFO = YES;
				ONLY_ACTIVE_ARCH = YES;
				SDKROOT = iphoneos;
			};
			name = Debug;
		};
		065DBD041BDE8DB200CCAF94 /* Release */ = {
			isa = XCBuildConfiguration;
			buildSettings = {
				ALWAYS_SEARCH_USER_PATHS = NO;
				CLANG_CXX_LANGUAGE_STANDARD = "gnu++0x";
				CLANG_CXX_LIBRARY = "libc++";
				CLANG_ENABLE_MODULES = YES;
				CLANG_ENABLE_OBJC_ARC = YES;
				CLANG_WARN_BOOL_CONVERSION = YES;
				CLANG_WARN_CONSTANT_CONVERSION = YES;
				CLANG_WARN_DIRECT_OBJC_ISA_USAGE = YES_ERROR;
				CLANG_WARN_EMPTY_BODY = YES;
				CLANG_WARN_ENUM_CONVERSION = YES;
				CLANG_WARN_INT_CONVERSION = YES;
				CLANG_WARN_OBJC_ROOT_CLASS = YES_ERROR;
				CLANG_WARN_UNREACHABLE_CODE = YES;
				CLANG_WARN__DUPLICATE_METHOD_MATCH = YES;
				CODE_SIGN_IDENTITY = "iPhone Distribution";
				"CODE_SIGN_IDENTITY[sdk=iphoneos*]" = "iPhone Developer";
				COPY_PHASE_STRIP = NO;
				DEBUG_INFORMATION_FORMAT = "dwarf-with-dsym";
				ENABLE_NS_ASSERTIONS = NO;
				ENABLE_STRICT_OBJC_MSGSEND = YES;
				GCC_C_LANGUAGE_STANDARD = gnu99;
				GCC_NO_COMMON_BLOCKS = YES;
				GCC_WARN_64_TO_32_BIT_CONVERSION = YES;
				GCC_WARN_ABOUT_RETURN_TYPE = YES_ERROR;
				GCC_WARN_UNDECLARED_SELECTOR = YES;
				GCC_WARN_UNINITIALIZED_AUTOS = YES_AGGRESSIVE;
				GCC_WARN_UNUSED_FUNCTION = YES;
				GCC_WARN_UNUSED_VARIABLE = YES;
				IPHONEOS_DEPLOYMENT_TARGET = 9.0;
				MTL_ENABLE_DEBUG_INFO = NO;
				SDKROOT = iphoneos;
				VALIDATE_PRODUCT = YES;
			};
			name = Release;
		};
		065DBD061BDE8DB200CCAF94 /* Debug */ = {
			isa = XCBuildConfiguration;
			buildSettings = {
				ASSETCATALOG_COMPILER_APPICON_NAME = AppIcon;
				CODE_SIGN_IDENTITY = "iPhone Developer";
				INFOPLIST_FILE = "ClassChatter App/Info.plist";
				LD_RUNPATH_SEARCH_PATHS = "$(inherited) @executable_path/Frameworks";
				PRODUCT_BUNDLE_IDENTIFIER = "com.adam.goldberg.ClassChatter-App";
				PRODUCT_NAME = "$(TARGET_NAME)";
			};
			name = Debug;
		};
		065DBD071BDE8DB200CCAF94 /* Release */ = {
			isa = XCBuildConfiguration;
			buildSettings = {
				ASSETCATALOG_COMPILER_APPICON_NAME = AppIcon;
				CODE_SIGN_IDENTITY = "iPhone Distribution";
				INFOPLIST_FILE = "ClassChatter App/Info.plist";
				LD_RUNPATH_SEARCH_PATHS = "$(inherited) @executable_path/Frameworks";
				PRODUCT_BUNDLE_IDENTIFIER = "com.adam.goldberg.ClassChatter-App";
				PRODUCT_NAME = "$(TARGET_NAME)";
			};
			name = Release;
		};
		065DBD091BDE8DB200CCAF94 /* Debug */ = {
			isa = XCBuildConfiguration;
			buildSettings = {
				BUNDLE_LOADER = "$(TEST_HOST)";
				INFOPLIST_FILE = "ClassChatter AppTests/Info.plist";
				LD_RUNPATH_SEARCH_PATHS = "$(inherited) @executable_path/Frameworks @loader_path/Frameworks";
				PRODUCT_BUNDLE_IDENTIFIER = "Lighthouse.ClassChatter-AppTests";
				PRODUCT_NAME = "$(TARGET_NAME)";
				TEST_HOST = "$(BUILT_PRODUCTS_DIR)/ClassChatter App.app/ClassChatter App";
			};
			name = Debug;
		};
		065DBD0A1BDE8DB200CCAF94 /* Release */ = {
			isa = XCBuildConfiguration;
			buildSettings = {
				BUNDLE_LOADER = "$(TEST_HOST)";
				INFOPLIST_FILE = "ClassChatter AppTests/Info.plist";
				LD_RUNPATH_SEARCH_PATHS = "$(inherited) @executable_path/Frameworks @loader_path/Frameworks";
				PRODUCT_BUNDLE_IDENTIFIER = "Lighthouse.ClassChatter-AppTests";
				PRODUCT_NAME = "$(TARGET_NAME)";
				TEST_HOST = "$(BUILT_PRODUCTS_DIR)/ClassChatter App.app/ClassChatter App";
			};
			name = Release;
		};
		065DBD0C1BDE8DB200CCAF94 /* Debug */ = {
			isa = XCBuildConfiguration;
			buildSettings = {
				INFOPLIST_FILE = "ClassChatter AppUITests/Info.plist";
				LD_RUNPATH_SEARCH_PATHS = "$(inherited) @executable_path/Frameworks @loader_path/Frameworks";
				PRODUCT_BUNDLE_IDENTIFIER = "Lighthouse.ClassChatter-AppUITests";
				PRODUCT_NAME = "$(TARGET_NAME)";
				TEST_TARGET_NAME = "ClassChatter App";
				USES_XCTRUNNER = YES;
			};
			name = Debug;
		};
		065DBD0D1BDE8DB200CCAF94 /* Release */ = {
			isa = XCBuildConfiguration;
			buildSettings = {
				INFOPLIST_FILE = "ClassChatter AppUITests/Info.plist";
				LD_RUNPATH_SEARCH_PATHS = "$(inherited) @executable_path/Frameworks @loader_path/Frameworks";
				PRODUCT_BUNDLE_IDENTIFIER = "Lighthouse.ClassChatter-AppUITests";
				PRODUCT_NAME = "$(TARGET_NAME)";
				TEST_TARGET_NAME = "ClassChatter App";
				USES_XCTRUNNER = YES;
			};
			name = Release;
		};
/* End XCBuildConfiguration section */

/* Begin XCConfigurationList section */
		065DBCD01BDE8DB100CCAF94 /* Build configuration list for PBXProject "ClassChatter App" */ = {
			isa = XCConfigurationList;
			buildConfigurations = (
				065DBD031BDE8DB200CCAF94 /* Debug */,
				065DBD041BDE8DB200CCAF94 /* Release */,
			);
			defaultConfigurationIsVisible = 0;
			defaultConfigurationName = Release;
		};
		065DBD051BDE8DB200CCAF94 /* Build configuration list for PBXNativeTarget "ClassChatter App" */ = {
			isa = XCConfigurationList;
			buildConfigurations = (
				065DBD061BDE8DB200CCAF94 /* Debug */,
				065DBD071BDE8DB200CCAF94 /* Release */,
			);
			defaultConfigurationIsVisible = 0;
			defaultConfigurationName = Release;
		};
		065DBD081BDE8DB200CCAF94 /* Build configuration list for PBXNativeTarget "ClassChatter AppTests" */ = {
			isa = XCConfigurationList;
			buildConfigurations = (
				065DBD091BDE8DB200CCAF94 /* Debug */,
				065DBD0A1BDE8DB200CCAF94 /* Release */,
			);
			defaultConfigurationIsVisible = 0;
			defaultConfigurationName = Release;
		};
		065DBD0B1BDE8DB200CCAF94 /* Build configuration list for PBXNativeTarget "ClassChatter AppUITests" */ = {
			isa = XCConfigurationList;
			buildConfigurations = (
				065DBD0C1BDE8DB200CCAF94 /* Debug */,
				065DBD0D1BDE8DB200CCAF94 /* Release */,
			);
			defaultConfigurationIsVisible = 0;
			defaultConfigurationName = Release;
		};
/* End XCConfigurationList section */

/* Begin XCVersionGroup section */
		065DBCE41BDE8DB200CCAF94 /* ClassChatter_App.xcdatamodeld */ = {
			isa = XCVersionGroup;
			children = (
				065DBCE51BDE8DB200CCAF94 /* ClassChatter_App.xcdatamodel */,
			);
			currentVersion = 065DBCE51BDE8DB200CCAF94 /* ClassChatter_App.xcdatamodel */;
			path = ClassChatter_App.xcdatamodeld;
			sourceTree = "<group>";
			versionGroupType = wrapper.xcdatamodel;
		};
/* End XCVersionGroup section */
	};
	rootObject = 065DBCCD1BDE8DB100CCAF94 /* Project object */;
}
